{
  "name": "tabris-router",
  "version": "1.0.0",
  "lockfileVersion": 1,
  "requires": true,
  "dependencies": {
    "reflect-metadata": {
      "version": "0.1.13",
      "resolved": "https://npm.tabrisjs.com/reflect-metadata/-/reflect-metadata-0.1.13.tgz",
      "integrity": "sha512-Ts1Y/anZELhSsjMcU605fU9RE4Oi3p5ORujwbIKXfWa+0Zxs510Qrmrce5/Jowq3cHSZSJqBjypxmHarc+vEWg=="
    },
    "tabris": {
      "version": "3.2.1",
      "resolved": "https://npm.tabrisjs.com/tabris/-/tabris-3.2.1.tgz",
      "integrity": "sha512-XSuaqn3LtobbDeYG7VUzBZIYVqbAATC6hS+eUfbinQOxohwLeqPp8uAFVr/SIgjYrGMkaERcpTfvfLboshPpsw=="
    },
    "tabris-decorators": {
      "version": "3.2.1",
      "resolved": "https://npm.tabrisjs.com/tabris-decorators/-/tabris-decorators-3.2.1.tgz",
      "integrity": "sha512-nkBwKsP4BwOf8qA6+eaUET/zUAl/1Lu9uBbvFhGH9rVLCodVDlsBL1SRmZSAYzPbzI1iYumQjTlnoRE/zTVAYQ==",
      "requires": {
        "reflect-metadata": "^0.1.13"
      }
    },
    "typescript": {
      "version": "3.7.4",
      "resolved": "https://npm.tabrisjs.com/typescript/-/typescript-3.7.4.tgz",
      "integrity": "sha512-A25xv5XCtarLwXpcDNZzCGvW2D1S3/bACratYBx2sax8PefsFhlYmkQicKHvpYflFS8if4zne5zT5kpJ7pzuvw==",
      "dev": true
    }
  }
}
